// !$*UTF8*$!
{
	archiveVersion = 1;
	classes = {
	};
	objectVersion = 50;
	objects = {

/* Begin PBXBuildFile section */
		033D5F2B251DD81A003533CB /* AppDelegate.swift in Sources */ = {isa = PBXBuildFile; fileRef = 033D5F2A251DD81A003533CB /* AppDelegate.swift */; };
		033D5F2D251DD81A003533CB /* SceneDelegate.swift in Sources */ = {isa = PBXBuildFile; fileRef = 033D5F2C251DD81A003533CB /* SceneDelegate.swift */; };
		033D5F2F251DD81A003533CB /* ViewController.swift in Sources */ = {isa = PBXBuildFile; fileRef = 033D5F2E251DD81A003533CB /* ViewController.swift */; };
		033D5F32251DD81A003533CB /* Main.storyboard in Resources */ = {isa = PBXBuildFile; fileRef = 033D5F30251DD81A003533CB /* Main.storyboard */; };
		033D5F34251DD81B003533CB /* Assets.xcassets in Resources */ = {isa = PBXBuildFile; fileRef = 033D5F33251DD81B003533CB /* Assets.xcassets */; };
		033D5F37251DD81B003533CB /* LaunchScreen.storyboard in Resources */ = {isa = PBXBuildFile; fileRef = 033D5F35251DD81B003533CB /* LaunchScreen.storyboard */; };
		033D5F45251DD83A003533CB /* AppDelegate.swift in Sources */ = {isa = PBXBuildFile; fileRef = 033D5F44251DD83A003533CB /* AppDelegate.swift */; };
		033D5F47251DD83A003533CB /* SceneDelegate.swift in Sources */ = {isa = PBXBuildFile; fileRef = 033D5F46251DD83A003533CB /* SceneDelegate.swift */; };
		033D5F49251DD83A003533CB /* ViewController.swift in Sources */ = {isa = PBXBuildFile; fileRef = 033D5F48251DD83A003533CB /* ViewController.swift */; };
		033D5F4C251DD83A003533CB /* Main.storyboard in Resources */ = {isa = PBXBuildFile; fileRef = 033D5F4A251DD83A003533CB /* Main.storyboard */; };
		033D5F51251DD83B003533CB /* LaunchScreen.storyboard in Resources */ = {isa = PBXBuildFile; fileRef = 033D5F4F251DD83B003533CB /* LaunchScreen.storyboard */; };
		033D5F57251DD85A003533CB /* Assets.xcassets in Resources */ = {isa = PBXBuildFile; fileRef = 033D5F33251DD81B003533CB /* Assets.xcassets */; };
/* End PBXBuildFile section */

/* Begin PBXFileReference section */
		033D5F27251DD81A003533CB /* ArtShop.app */ = {isa = PBXFileReference; explicitFileType = wrapper.application; includeInIndex = 0; path = ArtShop.app; sourceTree = BUILT_PRODUCTS_DIR; };
		033D5F2A251DD81A003533CB /* AppDelegate.swift */ = {isa = PBXFileReference; lastKnownFileType = sourcecode.swift; path = AppDelegate.swift; sourceTree = "<group>"; };
		033D5F2C251DD81A003533CB /* SceneDelegate.swift */ = {isa = PBXFileReference; lastKnownFileType = sourcecode.swift; path = SceneDelegate.swift; sourceTree = "<group>"; };
		033D5F2E251DD81A003533CB /* ViewController.swift */ = {isa = PBXFileReference; lastKnownFileType = sourcecode.swift; path = ViewController.swift; sourceTree = "<group>"; };
		033D5F31251DD81A003533CB /* Base */ = {isa = PBXFileReference; lastKnownFileType = file.storyboard; name = Base; path = Base.lproj/Main.storyboard; sourceTree = "<group>"; };
		033D5F33251DD81B003533CB /* Assets.xcassets */ = {isa = PBXFileReference; lastKnownFileType = folder.assetcatalog; path = Assets.xcassets; sourceTree = "<group>"; };
		033D5F36251DD81B003533CB /* Base */ = {isa = PBXFileReference; lastKnownFileType = file.storyboard; name = Base; path = Base.lproj/LaunchScreen.storyboard; sourceTree = "<group>"; };
		033D5F38251DD81B003533CB /* Info.plist */ = {isa = PBXFileReference; lastKnownFileType = text.plist.xml; path = Info.plist; sourceTree = "<group>"; };
		033D5F42251DD83A003533CB /* ArtShopAdmin.app */ = {isa = PBXFileReference; explicitFileType = wrapper.application; includeInIndex = 0; path = ArtShopAdmin.app; sourceTree = BUILT_PRODUCTS_DIR; };
		033D5F44251DD83A003533CB /* AppDelegate.swift */ = {isa = PBXFileReference; lastKnownFileType = sourcecode.swift; path = AppDelegate.swift; sourceTree = "<group>"; };
		033D5F46251DD83A003533CB /* SceneDelegate.swift */ = {isa = PBXFileReference; lastKnownFileType = sourcecode.swift; path = SceneDelegate.swift; sourceTree = "<group>"; };
		033D5F48251DD83A003533CB /* ViewController.swift */ = {isa = PBXFileReference; lastKnownFileType = sourcecode.swift; path = ViewController.swift; sourceTree = "<group>"; };
		033D5F4B251DD83A003533CB /* Base */ = {isa = PBXFileReference; lastKnownFileType = file.storyboard; name = Base; path = Base.lproj/Main.storyboard; sourceTree = "<group>"; };
		033D5F50251DD83B003533CB /* Base */ = {isa = PBXFileReference; lastKnownFileType = file.storyboard; name = Base; path = Base.lproj/LaunchScreen.storyboard; sourceTree = "<group>"; };
		033D5F52251DD83B003533CB /* Info.plist */ = {isa = PBXFileReference; lastKnownFileType = text.plist.xml; path = Info.plist; sourceTree = "<group>"; };
/* End PBXFileReference section */

/* Begin PBXFrameworksBuildPhase section */
		033D5F24251DD81A003533CB /* Frameworks */ = {
			isa = PBXFrameworksBuildPhase;
			buildActionMask = 2147483647;
			files = (
			);
			runOnlyForDeploymentPostprocessing = 0;
		};
		033D5F3F251DD83A003533CB /* Frameworks */ = {
			isa = PBXFrameworksBuildPhase;
			buildActionMask = 2147483647;
			files = (
			);
			runOnlyForDeploymentPostprocessing = 0;
		};
/* End PBXFrameworksBuildPhase section */

/* Begin PBXGroup section */
		033D5F1E251DD81A003533CB = {
			isa = PBXGroup;
			children = (
				033D5F56251DD842003533CB /* Shared */,
				033D5F29251DD81A003533CB /* ArtShop */,
				033D5F43251DD83A003533CB /* ArtShopAdmin */,
				033D5F28251DD81A003533CB /* Products */,
			);
			sourceTree = "<group>";
		};
		033D5F28251DD81A003533CB /* Products */ = {
			isa = PBXGroup;
			children = (
				033D5F27251DD81A003533CB /* ArtShop.app */,
				033D5F42251DD83A003533CB /* ArtShopAdmin.app */,
			);
			name = Products;
			sourceTree = "<group>";
		};
		033D5F29251DD81A003533CB /* ArtShop */ = {
			isa = PBXGroup;
			children = (
				033D5F2A251DD81A003533CB /* AppDelegate.swift */,
				033D5F2C251DD81A003533CB /* SceneDelegate.swift */,
				033D5F2E251DD81A003533CB /* ViewController.swift */,
				033D5F30251DD81A003533CB /* Main.storyboard */,
				033D5F35251DD81B003533CB /* LaunchScreen.storyboard */,
				033D5F38251DD81B003533CB /* Info.plist */,
			);
			path = ArtShop;
			sourceTree = "<group>";
		};
		033D5F43251DD83A003533CB /* ArtShopAdmin */ = {
			isa = PBXGroup;
			children = (
				033D5F44251DD83A003533CB /* AppDelegate.swift */,
				033D5F46251DD83A003533CB /* SceneDelegate.swift */,
				033D5F48251DD83A003533CB /* ViewController.swift */,
				033D5F4A251DD83A003533CB /* Main.storyboard */,
				033D5F4F251DD83B003533CB /* LaunchScreen.storyboard */,
				033D5F52251DD83B003533CB /* Info.plist */,
			);
			path = ArtShopAdmin;
			sourceTree = "<group>";
		};
		033D5F56251DD842003533CB /* Shared */ = {
			isa = PBXGroup;
			children = (
				033D5F33251DD81B003533CB /* Assets.xcassets */,
			);
			path = Shared;
			sourceTree = "<group>";
		};
/* End PBXGroup section */

/* Begin PBXNativeTarget section */
		033D5F26251DD81A003533CB /* ArtShop */ = {
			isa = PBXNativeTarget;
			buildConfigurationList = 033D5F3B251DD81B003533CB /* Build configuration list for PBXNativeTarget "ArtShop" */;
			buildPhases = (
				033D5F23251DD81A003533CB /* Sources */,
				033D5F24251DD81A003533CB /* Frameworks */,
				033D5F25251DD81A003533CB /* Resources */,
			);
			buildRules = (
			);
			dependencies = (
			);
			name = ArtShop;
			productName = ArtShop;
			productReference = 033D5F27251DD81A003533CB /* ArtShop.app */;
			productType = "com.apple.product-type.application";
		};
		033D5F41251DD83A003533CB /* ArtShopAdmin */ = {
			isa = PBXNativeTarget;
			buildConfigurationList = 033D5F53251DD83B003533CB /* Build configuration list for PBXNativeTarget "ArtShopAdmin" */;
			buildPhases = (
				033D5F3E251DD83A003533CB /* Sources */,
				033D5F3F251DD83A003533CB /* Frameworks */,
				033D5F40251DD83A003533CB /* Resources */,
			);
			buildRules = (
			);
			dependencies = (
			);
			name = ArtShopAdmin;
			productName = ArtShopAdmin;
			productReference = 033D5F42251DD83A003533CB /* ArtShopAdmin.app */;
			productType = "com.apple.product-type.application";
		};
/* End PBXNativeTarget section */

/* Begin PBXProject section */
		033D5F1F251DD81A003533CB /* Project object */ = {
			isa = PBXProject;
			attributes = {
				LastSwiftUpdateCheck = 1200;
				LastUpgradeCheck = 1200;
				TargetAttributes = {
					033D5F26251DD81A003533CB = {
						CreatedOnToolsVersion = 12.0;
					};
					033D5F41251DD83A003533CB = {
						CreatedOnToolsVersion = 12.0;
					};
				};
			};
			buildConfigurationList = 033D5F22251DD81A003533CB /* Build configuration list for PBXProject "ArtShop" */;
			compatibilityVersion = "Xcode 9.3";
			developmentRegion = en;
			hasScannedForEncodings = 0;
			knownRegions = (
				en,
				Base,
			);
			mainGroup = 033D5F1E251DD81A003533CB;
			productRefGroup = 033D5F28251DD81A003533CB /* Products */;
			projectDirPath = "";
			projectRoot = "";
			targets = (
				033D5F26251DD81A003533CB /* ArtShop */,
				033D5F41251DD83A003533CB /* ArtShopAdmin */,
			);
		};
/* End PBXProject section */

/* Begin PBXResourcesBuildPhase section */
		033D5F25251DD81A003533CB /* Resources */ = {
			isa = PBXResourcesBuildPhase;
			buildActionMask = 2147483647;
			files = (
				033D5F37251DD81B003533CB /* LaunchScreen.storyboard in Resources */,
				033D5F34251DD81B003533CB /* Assets.xcassets in Resources */,
				033D5F32251DD81A003533CB /* Main.storyboard in Resources */,
			);
			runOnlyForDeploymentPostprocessing = 0;
		};
		033D5F40251DD83A003533CB /* Resources */ = {
			isa = PBXResourcesBuildPhase;
			buildActionMask = 2147483647;
			files = (
				033D5F51251DD83B003533CB /* LaunchScreen.storyboard in Resources */,
				033D5F57251DD85A003533CB /* Assets.xcassets in Resources */,
				033D5F4C251DD83A003533CB /* Main.storyboard in Resources */,
			);
			runOnlyForDeploymentPostprocessing = 0;
		};
/* End PBXResourcesBuildPhase section */

/* Begin PBXSourcesBuildPhase section */
		033D5F23251DD81A003533CB /* Sources */ = {
			isa = PBXSourcesBuildPhase;
			buildActionMask = 2147483647;
			files = (
				033D5F2F251DD81A003533CB /* ViewController.swift in Sources */,
				033D5F2B251DD81A003533CB /* AppDelegate.swift in Sources */,
				033D5F2D251DD81A003533CB /* SceneDelegate.swift in Sources */,
			);
			runOnlyForDeploymentPostprocessing = 0;
		};
		033D5F3E251DD83A003533CB /* Sources */ = {
			isa = PBXSourcesBuildPhase;
			buildActionMask = 2147483647;
			files = (
				033D5F49251DD83A003533CB /* ViewController.swift in Sources */,
				033D5F45251DD83A003533CB /* AppDelegate.swift in Sources */,
				033D5F47251DD83A003533CB /* SceneDelegate.swift in Sources */,
			);
			runOnlyForDeploymentPostprocessing = 0;
		};
/* End PBXSourcesBuildPhase section */

/* Begin PBXVariantGroup section */
		033D5F30251DD81A003533CB /* Main.storyboard */ = {
			isa = PBXVariantGroup;
			children = (
				033D5F31251DD81A003533CB /* Base */,
			);
			name = Main.storyboard;
			sourceTree = "<group>";
		};
		033D5F35251DD81B003533CB /* LaunchScreen.storyboard */ = {
			isa = PBXVariantGroup;
			children = (
				033D5F36251DD81B003533CB /* Base */,
			);
			name = LaunchScreen.storyboard;
			sourceTree = "<group>";
		};
		033D5F4A251DD83A003533CB /* Main.storyboard */ = {
			isa = PBXVariantGroup;
			children = (
				033D5F4B251DD83A003533CB /* Base */,
			);
			name = Main.storyboard;
			sourceTree = "<group>";
		};
		033D5F4F251DD83B003533CB /* LaunchScreen.storyboard */ = {
			isa = PBXVariantGroup;
			children = (
				033D5F50251DD83B003533CB /* Base */,
			);
			name = LaunchScreen.storyboard;
			sourceTree = "<group>";
		};
/* End PBXVariantGroup section */

/* Begin XCBuildConfiguration section */
		033D5F39251DD81B003533CB /* Debug */ = {
			isa = XCBuildConfiguration;
			buildSettings = {
				ALWAYS_SEARCH_USER_PATHS = NO;
				CLANG_ANALYZER_NONNULL = YES;
				CLANG_ANALYZER_NUMBER_OBJECT_CONVERSION = YES_AGGRESSIVE;
				CLANG_CXX_LANGUAGE_STANDARD = "gnu++14";
				CLANG_CXX_LIBRARY = "libc++";
				CLANG_ENABLE_MODULES = YES;
				CLANG_ENABLE_OBJC_ARC = YES;
				CLANG_ENABLE_OBJC_WEAK = YES;
				CLANG_WARN_BLOCK_CAPTURE_AUTORELEASING = YES;
				CLANG_WARN_BOOL_CONVERSION = YES;
				CLANG_WARN_COMMA = YES;
				CLANG_WARN_CONSTANT_CONVERSION = YES;
				CLANG_WARN_DEPRECATED_OBJC_IMPLEMENTATIONS = YES;
				CLANG_WARN_DIRECT_OBJC_ISA_USAGE = YES_ERROR;
				CLANG_WARN_DOCUMENTATION_COMMENTS = YES;
				CLANG_WARN_EMPTY_BODY = YES;
				CLANG_WARN_ENUM_CONVERSION = YES;
				CLANG_WARN_INFINITE_RECURSION = YES;
				CLANG_WARN_INT_CONVERSION = YES;
				CLANG_WARN_NON_LITERAL_NULL_CONVERSION = YES;
				CLANG_WARN_OBJC_IMPLICIT_RETAIN_SELF = YES;
				CLANG_WARN_OBJC_LITERAL_CONVERSION = YES;
				CLANG_WARN_OBJC_ROOT_CLASS = YES_ERROR;
				CLANG_WARN_QUOTED_INCLUDE_IN_FRAMEWORK_HEADER = YES;
				CLANG_WARN_RANGE_LOOP_ANALYSIS = YES;
				CLANG_WARN_STRICT_PROTOTYPES = YES;
				CLANG_WARN_SUSPICIOUS_MOVE = YES;
				CLANG_WARN_UNGUARDED_AVAILABILITY = YES_AGGRESSIVE;
				CLANG_WARN_UNREACHABLE_CODE = YES;
				CLANG_WARN__DUPLICATE_METHOD_MATCH = YES;
				COPY_PHASE_STRIP = NO;
				DEBUG_INFORMATION_FORMAT = dwarf;
				ENABLE_STRICT_OBJC_MSGSEND = YES;
				ENABLE_TESTABILITY = YES;
				GCC_C_LANGUAGE_STANDARD = gnu11;
				GCC_DYNAMIC_NO_PIC = NO;
				GCC_NO_COMMON_BLOCKS = YES;
				GCC_OPTIMIZATION_LEVEL = 0;
				GCC_PREPROCESSOR_DEFINITIONS = (
					"DEBUG=1",
					"$(inherited)",
				);
				GCC_WARN_64_TO_32_BIT_CONVERSION = YES;
				GCC_WARN_ABOUT_RETURN_TYPE = YES_ERROR;
				GCC_WARN_UNDECLARED_SELECTOR = YES;
				GCC_WARN_UNINITIALIZED_AUTOS = YES_AGGRESSIVE;
				GCC_WARN_UNUSED_FUNCTION = YES;
				GCC_WARN_UNUSED_VARIABLE = YES;
				IPHONEOS_DEPLOYMENT_TARGET = 14.0;
				MTL_ENABLE_DEBUG_INFO = INCLUDE_SOURCE;
				MTL_FAST_MATH = YES;
				ONLY_ACTIVE_ARCH = YES;
				SDKROOT = iphoneos;
				SWIFT_ACTIVE_COMPILATION_CONDITIONS = DEBUG;
				SWIFT_OPTIMIZATION_LEVEL = "-Onone";
			};
			name = Debug;
		};
		033D5F3A251DD81B003533CB /* Release */ = {
			isa = XCBuildConfiguration;
			buildSettings = {
				ALWAYS_SEARCH_USER_PATHS = NO;
				CLANG_ANALYZER_NONNULL = YES;
				CLANG_ANALYZER_NUMBER_OBJECT_CONVERSION = YES_AGGRESSIVE;
				CLANG_CXX_LANGUAGE_STANDARD = "gnu++14";
				CLANG_CXX_LIBRARY = "libc++";
				CLANG_ENABLE_MODULES = YES;
				CLANG_ENABLE_OBJC_ARC = YES;
				CLANG_ENABLE_OBJC_WEAK = YES;
				CLANG_WARN_BLOCK_CAPTURE_AUTORELEASING = YES;
				CLANG_WARN_BOOL_CONVERSION = YES;
				CLANG_WARN_COMMA = YES;
				CLANG_WARN_CONSTANT_CONVERSION = YES;
				CLANG_WARN_DEPRECATED_OBJC_IMPLEMENTATIONS = YES;
				CLANG_WARN_DIRECT_OBJC_ISA_USAGE = YES_ERROR;
				CLANG_WARN_DOCUMENTATION_COMMENTS = YES;
				CLANG_WARN_EMPTY_BODY = YES;
				CLANG_WARN_ENUM_CONVERSION = YES;
				CLANG_WARN_INFINITE_RECURSION = YES;
				CLANG_WARN_INT_CONVERSION = YES;
				CLANG_WARN_NON_LITERAL_NULL_CONVERSION = YES;
				CLANG_WARN_OBJC_IMPLICIT_RETAIN_SELF = YES;
				CLANG_WARN_OBJC_LITERAL_CONVERSION = YES;
				CLANG_WARN_OBJC_ROOT_CLASS = YES_ERROR;
				CLANG_WARN_QUOTED_INCLUDE_IN_FRAMEWORK_HEADER = YES;
				CLANG_WARN_RANGE_LOOP_ANALYSIS = YES;
				CLANG_WARN_STRICT_PROTOTYPES = YES;
				CLANG_WARN_SUSPICIOUS_MOVE = YES;
				CLANG_WARN_UNGUARDED_AVAILABILITY = YES_AGGRESSIVE;
				CLANG_WARN_UNREACHABLE_CODE = YES;
				CLANG_WARN__DUPLICATE_METHOD_MATCH = YES;
				COPY_PHASE_STRIP = NO;
				DEBUG_INFORMATION_FORMAT = "dwarf-with-dsym";
				ENABLE_NS_ASSERTIONS = NO;
				ENABLE_STRICT_OBJC_MSGSEND = YES;
				GCC_C_LANGUAGE_STANDARD = gnu11;
				GCC_NO_COMMON_BLOCKS = YES;
				GCC_WARN_64_TO_32_BIT_CONVERSION = YES;
				GCC_WARN_ABOUT_RETURN_TYPE = YES_ERROR;
				GCC_WARN_UNDECLARED_SELECTOR = YES;
				GCC_WARN_UNINITIALIZED_AUTOS = YES_AGGRESSIVE;
				GCC_WARN_UNUSED_FUNCTION = YES;
				GCC_WARN_UNUSED_VARIABLE = YES;
				IPHONEOS_DEPLOYMENT_TARGET = 14.0;
				MTL_ENABLE_DEBUG_INFO = NO;
				MTL_FAST_MATH = YES;
				SDKROOT = iphoneos;
				SWIFT_COMPILATION_MODE = wholemodule;
				SWIFT_OPTIMIZATION_LEVEL = "-O";
				VALIDATE_PRODUCT = YES;
			};
			name = Release;
		};
		033D5F3C251DD81B003533CB /* Debug */ = {
			isa = XCBuildConfiguration;
			buildSettings = {
				ASSETCATALOG_COMPILER_APPICON_NAME = AppIcon;
				ASSETCATALOG_COMPILER_GLOBAL_ACCENT_COLOR_NAME = AccentColor;
				CODE_SIGN_STYLE = Automatic;
				DEVELOPMENT_TEAM = 9SJ54753D9;
				INFOPLIST_FILE = ArtShop/Info.plist;
				LD_RUNPATH_SEARCH_PATHS = (
					"$(inherited)",
					"@executable_path/Frameworks",
				);
				PRODUCT_BUNDLE_IDENTIFIER = co.paulfran.ArtShop;
				PRODUCT_NAME = "$(TARGET_NAME)";
				SWIFT_VERSION = 5.0;
				TARGETED_DEVICE_FAMILY = "1,2";
			};
			name = Debug;
		};
		033D5F3D251DD81B003533CB /* Release */ = {
			isa = XCBuildConfiguration;
			buildSettings = {
				ASSETCATALOG_COMPILER_APPICON_NAME = AppIcon;
				ASSETCATALOG_COMPILER_GLOBAL_ACCENT_COLOR_NAME = AccentColor;
				CODE_SIGN_STYLE = Automatic;
				DEVELOPMENT_TEAM = 9SJ54753D9;
				INFOPLIST_FILE = ArtShop/Info.plist;
				LD_RUNPATH_SEARCH_PATHS = (
					"$(inherited)",
					"@executable_path/Frameworks",
				);
				PRODUCT_BUNDLE_IDENTIFIER = co.paulfran.ArtShop;
				PRODUCT_NAME = "$(TARGET_NAME)";
				SWIFT_VERSION = 5.0;
				TARGETED_DEVICE_FAMILY = "1,2";
			};
			name = Release;
		};
		033D5F54251DD83B003533CB /* Debug */ = {
			isa = XCBuildConfiguration;
			buildSettings = {
				ASSETCATALOG_COMPILER_APPICON_NAME = AppIcon;
				ASSETCATALOG_COMPILER_GLOBAL_ACCENT_COLOR_NAME = AccentColor;
				CODE_SIGN_STYLE = Automatic;
				DEVELOPMENT_TEAM = 9SJ54753D9;
				INFOPLIST_FILE = ArtShopAdmin/Info.plist;
				LD_RUNPATH_SEARCH_PATHS = (
					"$(inherited)",
					"@executable_path/Frameworks",
				);
				PRODUCT_BUNDLE_IDENTIFIER = co.paulfran.ArtShopAdmin;
				PRODUCT_NAME = "$(TARGET_NAME)";
				SWIFT_VERSION = 5.0;
				TARGETED_DEVICE_FAMILY = "1,2";
			};
			name = Debug;
		};
		033D5F55251DD83B003533CB /* Release */ = {
			isa = XCBuildConfiguration;
			buildSettings = {
				ASSETCATALOG_COMPILER_APPICON_NAME = AppIcon;
				ASSETCATALOG_COMPILER_GLOBAL_ACCENT_COLOR_NAME = AccentColor;
				CODE_SIGN_STYLE = Automatic;
				DEVELOPMENT_TEAM = 9SJ54753D9;
				INFOPLIST_FILE = ArtShopAdmin/Info.plist;
				LD_RUNPATH_SEARCH_PATHS = (
					"$(inherited)",
					"@executable_path/Frameworks",
				);
				PRODUCT_BUNDLE_IDENTIFIER = co.paulfran.ArtShopAdmin;
				PRODUCT_NAME = "$(TARGET_NAME)";
				SWIFT_VERSION = 5.0;
				TARGETED_DEVICE_FAMILY = "1,2";
			};
			name = Release;
		};
/* End XCBuildConfiguration section */

/* Begin XCConfigurationList section */
		033D5F22251DD81A003533CB /* Build configuration list for PBXProject "ArtShop" */ = {
			isa = XCConfigurationList;
			buildConfigurations = (
				033D5F39251DD81B003533CB /* Debug */,
				033D5F3A251DD81B003533CB /* Release */,
			);
			defaultConfigurationIsVisible = 0;
			defaultConfigurationName = Release;
		};
		033D5F3B251DD81B003533CB /* Build configuration list for PBXNativeTarget "ArtShop" */ = {
			isa = XCConfigurationList;
			buildConfigurations = (
				033D5F3C251DD81B003533CB /* Debug */,
				033D5F3D251DD81B003533CB /* Release */,
			);
			defaultConfigurationIsVisible = 0;
			defaultConfigurationName = Release;
		};
		033D5F53251DD83B003533CB /* Build configuration list for PBXNativeTarget "ArtShopAdmin" */ = {
			isa = XCConfigurationList;
			buildConfigurations = (
				033D5F54251DD83B003533CB /* Debug */,
				033D5F55251DD83B003533CB /* Release */,
			);
			defaultConfigurationIsVisible = 0;
			defaultConfigurationName = Release;
		};
/* End XCConfigurationList section */
	};
	rootObject = 033D5F1F251DD81A003533CB /* Project object */;
}
